// !$*UTF8*$!
{
	archiveVersion = 1;
	classes = {
	};
	objectVersion = 46;
	objects = {

/* Begin PBXBuildFile section */
		11C6B1971608E2F800667970 /* UIKit.framework in Frameworks */ = {isa = PBXBuildFile; fileRef = 11C6B1961608E2F800667970 /* UIKit.framework */; };
		11C6B1991608E2F800667970 /* Foundation.framework in Frameworks */ = {isa = PBXBuildFile; fileRef = 11C6B1981608E2F800667970 /* Foundation.framework */; };
		11C6B19B1608E2F800667970 /* CoreGraphics.framework in Frameworks */ = {isa = PBXBuildFile; fileRef = 11C6B19A1608E2F800667970 /* CoreGraphics.framework */; };
		11C6B1A11608E2F800667970 /* InfoPlist.strings in Resources */ = {isa = PBXBuildFile; fileRef = 11C6B19F1608E2F800667970 /* InfoPlist.strings */; };
		11C6B1A31608E2F800667970 /* main.m in Sources */ = {isa = PBXBuildFile; fileRef = 11C6B1A21608E2F800667970 /* main.m */; };
		11C6B1A71608E2F800667970 /* AppDelegate.m in Sources */ = {isa = PBXBuildFile; fileRef = 11C6B1A61608E2F800667970 /* AppDelegate.m */; };
		11C6B1AA1608E2F800667970 /* MainStoryboard.storyboard in Resources */ = {isa = PBXBuildFile; fileRef = 11C6B1A81608E2F800667970 /* MainStoryboard.storyboard */; };
		11C6B1AD1608E2F800667970 /* FirstViewController.m in Sources */ = {isa = PBXBuildFile; fileRef = 11C6B1AC1608E2F800667970 /* FirstViewController.m */; };
		11C6B1AF1608E2F800667970 /* first.png in Resources */ = {isa = PBXBuildFile; fileRef = 11C6B1AE1608E2F800667970 /* first.png */; };
		11C6B1B11608E2F800667970 /* first@2x.png in Resources */ = {isa = PBXBuildFile; fileRef = 11C6B1B01608E2F800667970 /* first@2x.png */; };
		11C6B1B41608E2F800667970 /* SecondViewController.m in Sources */ = {isa = PBXBuildFile; fileRef = 11C6B1B31608E2F800667970 /* SecondViewController.m */; };
		11C6B1B61608E2F800667970 /* second.png in Resources */ = {isa = PBXBuildFile; fileRef = 11C6B1B51608E2F800667970 /* second.png */; };
		11C6B1B81608E2F800667970 /* second@2x.png in Resources */ = {isa = PBXBuildFile; fileRef = 11C6B1B71608E2F800667970 /* second@2x.png */; };
/* End PBXBuildFile section */

/* Begin PBXFileReference section */
		11C6B1921608E2F800667970 /* MetroTime.app */ = {isa = PBXFileReference; explicitFileType = wrapper.application; includeInIndex = 0; path = MetroTime.app; sourceTree = BUILT_PRODUCTS_DIR; };
		11C6B1961608E2F800667970 /* UIKit.framework */ = {isa = PBXFileReference; lastKnownFileType = wrapper.framework; name = UIKit.framework; path = System/Library/Frameworks/UIKit.framework; sourceTree = SDKROOT; };
		11C6B1981608E2F800667970 /* Foundation.framework */ = {isa = PBXFileReference; lastKnownFileType = wrapper.framework; name = Foundation.framework; path = System/Library/Frameworks/Foundation.framework; sourceTree = SDKROOT; };
		11C6B19A1608E2F800667970 /* CoreGraphics.framework */ = {isa = PBXFileReference; lastKnownFileType = wrapper.framework; name = CoreGraphics.framework; path = System/Library/Frameworks/CoreGraphics.framework; sourceTree = SDKROOT; };
		11C6B19E1608E2F800667970 /* MetroTime-Info.plist */ = {isa = PBXFileReference; lastKnownFileType = text.plist.xml; path = "MetroTime-Info.plist"; sourceTree = "<group>"; };
		11C6B1A01608E2F800667970 /* en */ = {isa = PBXFileReference; lastKnownFileType = text.plist.strings; name = en; path = en.lproj/InfoPlist.strings; sourceTree = "<group>"; };
		11C6B1A21608E2F800667970 /* main.m */ = {isa = PBXFileReference; lastKnownFileType = sourcecode.c.objc; path = main.m; sourceTree = "<group>"; };
		11C6B1A41608E2F800667970 /* MetroTime-Prefix.pch */ = {isa = PBXFileReference; lastKnownFileType = sourcecode.c.h; path = "MetroTime-Prefix.pch"; sourceTree = "<group>"; };
		11C6B1A51608E2F800667970 /* AppDelegate.h */ = {isa = PBXFileReference; lastKnownFileType = sourcecode.c.h; path = AppDelegate.h; sourceTree = "<group>"; };
		11C6B1A61608E2F800667970 /* AppDelegate.m */ = {isa = PBXFileReference; lastKnownFileType = sourcecode.c.objc; path = AppDelegate.m; sourceTree = "<group>"; };
		11C6B1A91608E2F800667970 /* en */ = {isa = PBXFileReference; lastKnownFileType = file.storyboard; name = en; path = en.lproj/MainStoryboard.storyboard; sourceTree = "<group>"; };
		11C6B1AB1608E2F800667970 /* FirstViewController.h */ = {isa = PBXFileReference; lastKnownFileType = sourcecode.c.h; path = FirstViewController.h; sourceTree = "<group>"; };
		11C6B1AC1608E2F800667970 /* FirstViewController.m */ = {isa = PBXFileReference; lastKnownFileType = sourcecode.c.objc; path = FirstViewController.m; sourceTree = "<group>"; };
		11C6B1AE1608E2F800667970 /* first.png */ = {isa = PBXFileReference; lastKnownFileType = image.png; path = first.png; sourceTree = "<group>"; };
		11C6B1B01608E2F800667970 /* first@2x.png */ = {isa = PBXFileReference; lastKnownFileType = image.png; path = "first@2x.png"; sourceTree = "<group>"; };
		11C6B1B21608E2F800667970 /* SecondViewController.h */ = {isa = PBXFileReference; lastKnownFileType = sourcecode.c.h; path = SecondViewController.h; sourceTree = "<group>"; };
		11C6B1B31608E2F800667970 /* SecondViewController.m */ = {isa = PBXFileReference; lastKnownFileType = sourcecode.c.objc; path = SecondViewController.m; sourceTree = "<group>"; };
		11C6B1B51608E2F800667970 /* second.png */ = {isa = PBXFileReference; lastKnownFileType = image.png; path = second.png; sourceTree = "<group>"; };
		11C6B1B71608E2F800667970 /* second@2x.png */ = {isa = PBXFileReference; lastKnownFileType = image.png; path = "second@2x.png"; sourceTree = "<group>"; };
/* End PBXFileReference section */

/* Begin PBXFrameworksBuildPhase section */
		11C6B18F1608E2F800667970 /* Frameworks */ = {
			isa = PBXFrameworksBuildPhase;
			buildActionMask = 2147483647;
			files = (
				11C6B1971608E2F800667970 /* UIKit.framework in Frameworks */,
				11C6B1991608E2F800667970 /* Foundation.framework in Frameworks */,
				11C6B19B1608E2F800667970 /* CoreGraphics.framework in Frameworks */,
			);
			runOnlyForDeploymentPostprocessing = 0;
		};
/* End PBXFrameworksBuildPhase section */

/* Begin PBXGroup section */
		11C6B1871608E2F800667970 = {
			isa = PBXGroup;
			children = (
				11C6B19C1608E2F800667970 /* MetroTime */,
				11C6B1951608E2F800667970 /* Frameworks */,
				11C6B1931608E2F800667970 /* Products */,
			);
			sourceTree = "<group>";
		};
		11C6B1931608E2F800667970 /* Products */ = {
			isa = PBXGroup;
			children = (
				11C6B1921608E2F800667970 /* MetroTime.app */,
			);
			name = Products;
			sourceTree = "<group>";
		};
		11C6B1951608E2F800667970 /* Frameworks */ = {
			isa = PBXGroup;
			children = (
				11C6B1961608E2F800667970 /* UIKit.framework */,
				11C6B1981608E2F800667970 /* Foundation.framework */,
				11C6B19A1608E2F800667970 /* CoreGraphics.framework */,
			);
			name = Frameworks;
			sourceTree = "<group>";
		};
		11C6B19C1608E2F800667970 /* MetroTime */ = {
			isa = PBXGroup;
			children = (
				11C6B1A51608E2F800667970 /* AppDelegate.h */,
				11C6B1A61608E2F800667970 /* AppDelegate.m */,
				11C6B1A81608E2F800667970 /* MainStoryboard.storyboard */,
				11C6B1AB1608E2F800667970 /* FirstViewController.h */,
				11C6B1AC1608E2F800667970 /* FirstViewController.m */,
				11C6B1AE1608E2F800667970 /* first.png */,
				11C6B1B01608E2F800667970 /* first@2x.png */,
				11C6B1B21608E2F800667970 /* SecondViewController.h */,
				11C6B1B31608E2F800667970 /* SecondViewController.m */,
				11C6B1B51608E2F800667970 /* second.png */,
				11C6B1B71608E2F800667970 /* second@2x.png */,
				11C6B19D1608E2F800667970 /* Supporting Files */,
			);
			path = MetroTime;
			sourceTree = "<group>";
		};
		11C6B19D1608E2F800667970 /* Supporting Files */ = {
			isa = PBXGroup;
			children = (
				11C6B19E1608E2F800667970 /* MetroTime-Info.plist */,
				11C6B19F1608E2F800667970 /* InfoPlist.strings */,
				11C6B1A21608E2F800667970 /* main.m */,
				11C6B1A41608E2F800667970 /* MetroTime-Prefix.pch */,
			);
			name = "Supporting Files";
			sourceTree = "<group>";
		};
/* End PBXGroup section */

/* Begin PBXNativeTarget section */
		11C6B1911608E2F800667970 /* MetroTime */ = {
			isa = PBXNativeTarget;
			buildConfigurationList = 11C6B1BB1608E2F800667970 /* Build configuration list for PBXNativeTarget "MetroTime" */;
			buildPhases = (
				11C6B18E1608E2F800667970 /* Sources */,
				11C6B18F1608E2F800667970 /* Frameworks */,
				11C6B1901608E2F800667970 /* Resources */,
			);
			buildRules = (
			);
			dependencies = (
			);
			name = MetroTime;
			productName = MetroTime;
			productReference = 11C6B1921608E2F800667970 /* MetroTime.app */;
			productType = "com.apple.product-type.application";
		};
/* End PBXNativeTarget section */

/* Begin PBXProject section */
		11C6B1891608E2F800667970 /* Project object */ = {
			isa = PBXProject;
			attributes = {
				LastUpgradeCheck = 0440;
				ORGANIZATIONNAME = "Maxime Dupuy";
			};
			buildConfigurationList = 11C6B18C1608E2F800667970 /* Build configuration list for PBXProject "MetroTime" */;
			compatibilityVersion = "Xcode 3.2";
			developmentRegion = English;
			hasScannedForEncodings = 0;
			knownRegions = (
				en,
			);
			mainGroup = 11C6B1871608E2F800667970;
			productRefGroup = 11C6B1931608E2F800667970 /* Products */;
			projectDirPath = "";
			projectRoot = "";
			targets = (
				11C6B1911608E2F800667970 /* MetroTime */,
			);
		};
/* End PBXProject section */

/* Begin PBXResourcesBuildPhase section */
		11C6B1901608E2F800667970 /* Resources */ = {
			isa = PBXResourcesBuildPhase;
			buildActionMask = 2147483647;
			files = (
				11C6B1A11608E2F800667970 /* InfoPlist.strings in Resources */,
				11C6B1AA1608E2F800667970 /* MainStoryboard.storyboard in Resources */,
				11C6B1AF1608E2F800667970 /* first.png in Resources */,
				11C6B1B11608E2F800667970 /* first@2x.png in Resources */,
				11C6B1B61608E2F800667970 /* second.png in Resources */,
				11C6B1B81608E2F800667970 /* second@2x.png in Resources */,
			);
			runOnlyForDeploymentPostprocessing = 0;
		};
/* End PBXResourcesBuildPhase section */

/* Begin PBXSourcesBuildPhase section */
		11C6B18E1608E2F800667970 /* Sources */ = {
			isa = PBXSourcesBuildPhase;
			buildActionMask = 2147483647;
			files = (
				11C6B1A31608E2F800667970 /* main.m in Sources */,
				11C6B1A71608E2F800667970 /* AppDelegate.m in Sources */,
				11C6B1AD1608E2F800667970 /* FirstViewController.m in Sources */,
				11C6B1B41608E2F800667970 /* SecondViewController.m in Sources */,
			);
			runOnlyForDeploymentPostprocessing = 0;
		};
/* End PBXSourcesBuildPhase section */

/* Begin PBXVariantGroup section */
		11C6B19F1608E2F800667970 /* InfoPlist.strings */ = {
			isa = PBXVariantGroup;
			children = (
				11C6B1A01608E2F800667970 /* en */,
			);
			name = InfoPlist.strings;
			sourceTree = "<group>";
		};
		11C6B1A81608E2F800667970 /* MainStoryboard.storyboard */ = {
			isa = PBXVariantGroup;
			children = (
				11C6B1A91608E2F800667970 /* en */,
			);
			name = MainStoryboard.storyboard;
			sourceTree = "<group>";
		};
/* End PBXVariantGroup section */

/* Begin XCBuildConfiguration section */
		11C6B1B91608E2F800667970 /* Debug */ = {
			isa = XCBuildConfiguration;
			buildSettings = {
				ALWAYS_SEARCH_USER_PATHS = NO;
				ARCHS = "$(ARCHS_STANDARD_32_BIT)";
				CLANG_CXX_LANGUAGE_STANDARD = "gnu++0x";
				CLANG_ENABLE_OBJC_ARC = YES;
				CLANG_WARN__DUPLICATE_METHOD_MATCH = YES;
				"CODE_SIGN_IDENTITY[sdk=iphoneos*]" = "iPhone Developer";
				COPY_PHASE_STRIP = NO;
				GCC_C_LANGUAGE_STANDARD = gnu99;
				GCC_DYNAMIC_NO_PIC = NO;
				GCC_OPTIMIZATION_LEVEL = 0;
				GCC_PREPROCESSOR_DEFINITIONS = (
					"DEBUG=1",
					"$(inherited)",
				);
				GCC_SYMBOLS_PRIVATE_EXTERN = NO;
				GCC_VERSION = com.apple.compilers.llvm.clang.1_0;
				GCC_WARN_ABOUT_RETURN_TYPE = YES;
				GCC_WARN_UNINITIALIZED_AUTOS = YES;
				GCC_WARN_UNUSED_VARIABLE = YES;
				IPHONEOS_DEPLOYMENT_TARGET = 5.1;
				SDKROOT = iphoneos;
			};
			name = Debug;
		};
		11C6B1BA1608E2F800667970 /* Release */ = {
			isa = XCBuildConfiguration;
			buildSettings = {
				ALWAYS_SEARCH_USER_PATHS = NO;
				ARCHS = "$(ARCHS_STANDARD_32_BIT)";
				CLANG_CXX_LANGUAGE_STANDARD = "gnu++0x";
				CLANG_ENABLE_OBJC_ARC = YES;
				CLANG_WARN__DUPLICATE_METHOD_MATCH = YES;
				"CODE_SIGN_IDENTITY[sdk=iphoneos*]" = "iPhone Developer";
				COPY_PHASE_STRIP = YES;
				GCC_C_LANGUAGE_STANDARD = gnu99;
				GCC_VERSION = com.apple.compilers.llvm.clang.1_0;
				GCC_WARN_ABOUT_RETURN_TYPE = YES;
				GCC_WARN_UNINITIALIZED_AUTOS = YES;
				GCC_WARN_UNUSED_VARIABLE = YES;
				IPHONEOS_DEPLOYMENT_TARGET = 5.1;
				OTHER_CFLAGS = "-DNS_BLOCK_ASSERTIONS=1";
				SDKROOT = iphoneos;
				VALIDATE_PRODUCT = YES;
			};
			name = Release;
		};
		11C6B1BC1608E2F800667970 /* Debug */ = {
			isa = XCBuildConfiguration;
			buildSettings = {
				GCC_PRECOMPILE_PREFIX_HEADER = YES;
				GCC_PREFIX_HEADER = "MetroTime/MetroTime-Prefix.pch";
				INFOPLIST_FILE = "MetroTime/MetroTime-Info.plist";
				PRODUCT_NAME = "$(TARGET_NAME)";
				WRAPPER_EXTENSION = app;
			};
			name = Debug;
		};
		11C6B1BD1608E2F800667970 /* Release */ = {
			isa = XCBuildConfiguration;
			buildSettings = {
				GCC_PRECOMPILE_PREFIX_HEADER = YES;
				GCC_PREFIX_HEADER = "MetroTime/MetroTime-Prefix.pch";
				INFOPLIST_FILE = "MetroTime/MetroTime-Info.plist";
				PRODUCT_NAME = "$(TARGET_NAME)";
				WRAPPER_EXTENSION = app;
			};
			name = Release;
		};
/* End XCBuildConfiguration section */

/* Begin XCConfigurationList section */
		11C6B18C1608E2F800667970 /* Build configuration list for PBXProject "MetroTime" */ = {
			isa = XCConfigurationList;
			buildConfigurations = (
				11C6B1B91608E2F800667970 /* Debug */,
				11C6B1BA1608E2F800667970 /* Release */,
			);
			defaultConfigurationIsVisible = 0;
			defaultConfigurationName = Release;
		};
		11C6B1BB1608E2F800667970 /* Build configuration list for PBXNativeTarget "MetroTime" */ = {
			isa = XCConfigurationList;
			buildConfigurations = (
				11C6B1BC1608E2F800667970 /* Debug */,
				11C6B1BD1608E2F800667970 /* Release */,
			);
			defaultConfigurationIsVisible = 0;
		};
/* End XCConfigurationList section */
	};
	rootObject = 11C6B1891608E2F800667970 /* Project object */;
}
