// !$*UTF8*$!
{
	archiveVersion = 1;
	classes = {
	};
	objectVersion = 46;
	objects = {

/* Begin PBXBuildFile section */
		1111F07416105F76005EFBB2 /* 19-gear.png in Resources */ = {isa = PBXBuildFile; fileRef = 1111F07116105F76005EFBB2 /* 19-gear.png */; };
		1111F07516105F76005EFBB2 /* 11-clock.png in Resources */ = {isa = PBXBuildFile; fileRef = 1111F07216105F76005EFBB2 /* 11-clock.png */; };
		1111F07616105F76005EFBB2 /* 103-map.png in Resources */ = {isa = PBXBuildFile; fileRef = 1111F07316105F76005EFBB2 /* 103-map.png */; };
		1111F07A161062F9005EFBB2 /* PlanMetroViewController.m in Sources */ = {isa = PBXBuildFile; fileRef = 1111F079161062F9005EFBB2 /* PlanMetroViewController.m */; };
		1111F07D16106314005EFBB2 /* PlanBusViewController.m in Sources */ = {isa = PBXBuildFile; fileRef = 1111F07C16106314005EFBB2 /* PlanBusViewController.m */; };
		1111F08716107619005EFBB2 /* PlanMetro.png in Resources */ = {isa = PBXBuildFile; fileRef = 1111F08616107619005EFBB2 /* PlanMetro.png */; };
		11A4BFBD16107E99003339B1 /* PlanBus.gif in Resources */ = {isa = PBXBuildFile; fileRef = 11A4BFBC16107E99003339B1 /* PlanBus.gif */; };
		11C6B1971608E2F800667970 /* UIKit.framework in Frameworks */ = {isa = PBXBuildFile; fileRef = 11C6B1961608E2F800667970 /* UIKit.framework */; };
		11C6B1991608E2F800667970 /* Foundation.framework in Frameworks */ = {isa = PBXBuildFile; fileRef = 11C6B1981608E2F800667970 /* Foundation.framework */; };
		11C6B19B1608E2F800667970 /* CoreGraphics.framework in Frameworks */ = {isa = PBXBuildFile; fileRef = 11C6B19A1608E2F800667970 /* CoreGraphics.framework */; };
		11C6B1A11608E2F800667970 /* InfoPlist.strings in Resources */ = {isa = PBXBuildFile; fileRef = 11C6B19F1608E2F800667970 /* InfoPlist.strings */; };
		11C6B1A31608E2F800667970 /* main.m in Sources */ = {isa = PBXBuildFile; fileRef = 11C6B1A21608E2F800667970 /* main.m */; };
		11C6B1A71608E2F800667970 /* AppDelegate.m in Sources */ = {isa = PBXBuildFile; fileRef = 11C6B1A61608E2F800667970 /* AppDelegate.m */; };
		11C6B1AA1608E2F800667970 /* MainStoryboard.storyboard in Resources */ = {isa = PBXBuildFile; fileRef = 11C6B1A81608E2F800667970 /* MainStoryboard.storyboard */; };
		11C6B1C21608E3F700667970 /* HorairesTableViewController.m in Sources */ = {isa = PBXBuildFile; fileRef = 11C6B1C11608E3F700667970 /* HorairesTableViewController.m */; };
		11C6B1C51608E43C00667970 /* Horaire.m in Sources */ = {isa = PBXBuildFile; fileRef = 11C6B1C41608E43C00667970 /* Horaire.m */; };
		11C6B1C91609042700667970 /* RatpTimeStealer.m in Sources */ = {isa = PBXBuildFile; fileRef = 11C6B1C81609042700667970 /* RatpTimeStealer.m */; };
		11C6B1CF1609AF2200667970 /* SettingsViewController.m in Sources */ = {isa = PBXBuildFile; fileRef = 11C6B1CE1609AF2200667970 /* SettingsViewController.m */; };
		11C6B1D21609B89400667970 /* SettingsTableViewController.m in Sources */ = {isa = PBXBuildFile; fileRef = 11C6B1D11609B89400667970 /* SettingsTableViewController.m */; };
/* End PBXBuildFile section */

/* Begin PBXFileReference section */
		1111F07116105F76005EFBB2 /* 19-gear.png */ = {isa = PBXFileReference; lastKnownFileType = image.png; path = "19-gear.png"; sourceTree = "<group>"; };
		1111F07216105F76005EFBB2 /* 11-clock.png */ = {isa = PBXFileReference; lastKnownFileType = image.png; path = "11-clock.png"; sourceTree = "<group>"; };
		1111F07316105F76005EFBB2 /* 103-map.png */ = {isa = PBXFileReference; lastKnownFileType = image.png; path = "103-map.png"; sourceTree = "<group>"; };
		1111F078161062F9005EFBB2 /* PlanMetroViewController.h */ = {isa = PBXFileReference; fileEncoding = 4; lastKnownFileType = sourcecode.c.h; path = PlanMetroViewController.h; sourceTree = "<group>"; };
		1111F079161062F9005EFBB2 /* PlanMetroViewController.m */ = {isa = PBXFileReference; fileEncoding = 4; lastKnownFileType = sourcecode.c.objc; path = PlanMetroViewController.m; sourceTree = "<group>"; };
		1111F07B16106314005EFBB2 /* PlanBusViewController.h */ = {isa = PBXFileReference; fileEncoding = 4; lastKnownFileType = sourcecode.c.h; path = PlanBusViewController.h; sourceTree = "<group>"; };
		1111F07C16106314005EFBB2 /* PlanBusViewController.m */ = {isa = PBXFileReference; fileEncoding = 4; lastKnownFileType = sourcecode.c.objc; path = PlanBusViewController.m; sourceTree = "<group>"; };
		1111F08616107619005EFBB2 /* PlanMetro.png */ = {isa = PBXFileReference; lastKnownFileType = image.png; path = PlanMetro.png; sourceTree = "<group>"; };
		11A4BFBC16107E99003339B1 /* PlanBus.gif */ = {isa = PBXFileReference; lastKnownFileType = image.gif; path = PlanBus.gif; sourceTree = "<group>"; };
		11C6B1921608E2F800667970 /* MetroTime.app */ = {isa = PBXFileReference; explicitFileType = wrapper.application; includeInIndex = 0; path = MetroTime.app; sourceTree = BUILT_PRODUCTS_DIR; };
		11C6B1961608E2F800667970 /* UIKit.framework */ = {isa = PBXFileReference; lastKnownFileType = wrapper.framework; name = UIKit.framework; path = System/Library/Frameworks/UIKit.framework; sourceTree = SDKROOT; };
		11C6B1981608E2F800667970 /* Foundation.framework */ = {isa = PBXFileReference; lastKnownFileType = wrapper.framework; name = Foundation.framework; path = System/Library/Frameworks/Foundation.framework; sourceTree = SDKROOT; };
		11C6B19A1608E2F800667970 /* CoreGraphics.framework */ = {isa = PBXFileReference; lastKnownFileType = wrapper.framework; name = CoreGraphics.framework; path = System/Library/Frameworks/CoreGraphics.framework; sourceTree = SDKROOT; };
		11C6B19E1608E2F800667970 /* MetroTime-Info.plist */ = {isa = PBXFileReference; lastKnownFileType = text.plist.xml; path = "MetroTime-Info.plist"; sourceTree = "<group>"; };
		11C6B1A01608E2F800667970 /* en */ = {isa = PBXFileReference; lastKnownFileType = text.plist.strings; name = en; path = en.lproj/InfoPlist.strings; sourceTree = "<group>"; };
		11C6B1A21608E2F800667970 /* main.m */ = {isa = PBXFileReference; lastKnownFileType = sourcecode.c.objc; path = main.m; sourceTree = "<group>"; };
		11C6B1A41608E2F800667970 /* MetroTime-Prefix.pch */ = {isa = PBXFileReference; lastKnownFileType = sourcecode.c.h; path = "MetroTime-Prefix.pch"; sourceTree = "<group>"; };
		11C6B1A51608E2F800667970 /* AppDelegate.h */ = {isa = PBXFileReference; lastKnownFileType = sourcecode.c.h; path = AppDelegate.h; sourceTree = "<group>"; };
		11C6B1A61608E2F800667970 /* AppDelegate.m */ = {isa = PBXFileReference; lastKnownFileType = sourcecode.c.objc; path = AppDelegate.m; sourceTree = "<group>"; };
		11C6B1A91608E2F800667970 /* en */ = {isa = PBXFileReference; lastKnownFileType = file.storyboard; name = en; path = en.lproj/MainStoryboard.storyboard; sourceTree = "<group>"; };
		11C6B1C01608E3F700667970 /* HorairesTableViewController.h */ = {isa = PBXFileReference; fileEncoding = 4; lastKnownFileType = sourcecode.c.h; name = HorairesTableViewController.h; path = ../HorairesTableViewController.h; sourceTree = "<group>"; };
		11C6B1C11608E3F700667970 /* HorairesTableViewController.m */ = {isa = PBXFileReference; fileEncoding = 4; lastKnownFileType = sourcecode.c.objc; name = HorairesTableViewController.m; path = ../HorairesTableViewController.m; sourceTree = "<group>"; };
		11C6B1C31608E43C00667970 /* Horaire.h */ = {isa = PBXFileReference; fileEncoding = 4; lastKnownFileType = sourcecode.c.h; path = Horaire.h; sourceTree = "<group>"; };
		11C6B1C41608E43C00667970 /* Horaire.m */ = {isa = PBXFileReference; fileEncoding = 4; lastKnownFileType = sourcecode.c.objc; path = Horaire.m; sourceTree = "<group>"; };
		11C6B1C71609042700667970 /* RatpTimeStealer.h */ = {isa = PBXFileReference; fileEncoding = 4; lastKnownFileType = sourcecode.c.h; path = RatpTimeStealer.h; sourceTree = "<group>"; };
		11C6B1C81609042700667970 /* RatpTimeStealer.m */ = {isa = PBXFileReference; fileEncoding = 4; lastKnownFileType = sourcecode.c.objc; path = RatpTimeStealer.m; sourceTree = "<group>"; };
		11C6B1CD1609AF2200667970 /* SettingsViewController.h */ = {isa = PBXFileReference; fileEncoding = 4; lastKnownFileType = sourcecode.c.h; path = SettingsViewController.h; sourceTree = "<group>"; };
		11C6B1CE1609AF2200667970 /* SettingsViewController.m */ = {isa = PBXFileReference; fileEncoding = 4; lastKnownFileType = sourcecode.c.objc; path = SettingsViewController.m; sourceTree = "<group>"; };
		11C6B1D01609B89400667970 /* SettingsTableViewController.h */ = {isa = PBXFileReference; fileEncoding = 4; lastKnownFileType = sourcecode.c.h; path = SettingsTableViewController.h; sourceTree = "<group>"; };
		11C6B1D11609B89400667970 /* SettingsTableViewController.m */ = {isa = PBXFileReference; fileEncoding = 4; lastKnownFileType = sourcecode.c.objc; path = SettingsTableViewController.m; sourceTree = "<group>"; };
/* End PBXFileReference section */

/* Begin PBXFrameworksBuildPhase section */
		11C6B18F1608E2F800667970 /* Frameworks */ = {
			isa = PBXFrameworksBuildPhase;
			buildActionMask = 2147483647;
			files = (
				11C6B1971608E2F800667970 /* UIKit.framework in Frameworks */,
				11C6B1991608E2F800667970 /* Foundation.framework in Frameworks */,
				11C6B19B1608E2F800667970 /* CoreGraphics.framework in Frameworks */,
			);
			runOnlyForDeploymentPostprocessing = 0;
		};
/* End PBXFrameworksBuildPhase section */

/* Begin PBXGroup section */
		11C6B1871608E2F800667970 = {
			isa = PBXGroup;
			children = (
				11C6B19C1608E2F800667970 /* MetroTime */,
				11C6B1951608E2F800667970 /* Frameworks */,
				11C6B1931608E2F800667970 /* Products */,
			);
			sourceTree = "<group>";
		};
		11C6B1931608E2F800667970 /* Products */ = {
			isa = PBXGroup;
			children = (
				11C6B1921608E2F800667970 /* MetroTime.app */,
			);
			name = Products;
			sourceTree = "<group>";
		};
		11C6B1951608E2F800667970 /* Frameworks */ = {
			isa = PBXGroup;
			children = (
				11C6B1961608E2F800667970 /* UIKit.framework */,
				11C6B1981608E2F800667970 /* Foundation.framework */,
				11C6B19A1608E2F800667970 /* CoreGraphics.framework */,
			);
			name = Frameworks;
			sourceTree = "<group>";
		};
		11C6B19C1608E2F800667970 /* MetroTime */ = {
			isa = PBXGroup;
			children = (
				11C6B1C61608F6C900667970 /* Model */,
				11C6B1A51608E2F800667970 /* AppDelegate.h */,
				11C6B1A61608E2F800667970 /* AppDelegate.m */,
				11C6B1A81608E2F800667970 /* MainStoryboard.storyboard */,
				11C6B1BF1608E32600667970 /* ViewController */,
				11C6B1BE1608E30F00667970 /* Ressource */,
				11C6B19D1608E2F800667970 /* Supporting Files */,
			);
			path = MetroTime;
			sourceTree = "<group>";
		};
		11C6B19D1608E2F800667970 /* Supporting Files */ = {
			isa = PBXGroup;
			children = (
				11C6B19E1608E2F800667970 /* MetroTime-Info.plist */,
				11C6B19F1608E2F800667970 /* InfoPlist.strings */,
				11C6B1A21608E2F800667970 /* main.m */,
				11C6B1A41608E2F800667970 /* MetroTime-Prefix.pch */,
			);
			name = "Supporting Files";
			sourceTree = "<group>";
		};
		11C6B1BE1608E30F00667970 /* Ressource */ = {
			isa = PBXGroup;
			children = (
				1111F08616107619005EFBB2 /* PlanMetro.png */,
				11A4BFBC16107E99003339B1 /* PlanBus.gif */,
				1111F07116105F76005EFBB2 /* 19-gear.png */,
				1111F07216105F76005EFBB2 /* 11-clock.png */,
				1111F07316105F76005EFBB2 /* 103-map.png */,
			);
			name = Ressource;
			sourceTree = "<group>";
		};
		11C6B1BF1608E32600667970 /* ViewController */ = {
			isa = PBXGroup;
			children = (
				11C6B1C01608E3F700667970 /* HorairesTableViewController.h */,
				11C6B1C11608E3F700667970 /* HorairesTableViewController.m */,
				11C6B1D01609B89400667970 /* SettingsTableViewController.h */,
				11C6B1D11609B89400667970 /* SettingsTableViewController.m */,
				11C6B1CD1609AF2200667970 /* SettingsViewController.h */,
				11C6B1CE1609AF2200667970 /* SettingsViewController.m */,
				1111F078161062F9005EFBB2 /* PlanMetroViewController.h */,
				1111F079161062F9005EFBB2 /* PlanMetroViewController.m */,
				1111F07B16106314005EFBB2 /* PlanBusViewController.h */,
				1111F07C16106314005EFBB2 /* PlanBusViewController.m */,
			);
			name = ViewController;
			sourceTree = "<group>";
		};
		11C6B1C61608F6C900667970 /* Model */ = {
			isa = PBXGroup;
			children = (
				11C6B1C71609042700667970 /* RatpTimeStealer.h */,
				11C6B1C81609042700667970 /* RatpTimeStealer.m */,
				11C6B1C31608E43C00667970 /* Horaire.h */,
				11C6B1C41608E43C00667970 /* Horaire.m */,
			);
			name = Model;
			sourceTree = "<group>";
		};
/* End PBXGroup section */

/* Begin PBXNativeTarget section */
		11C6B1911608E2F800667970 /* MetroTime */ = {
			isa = PBXNativeTarget;
			buildConfigurationList = 11C6B1BB1608E2F800667970 /* Build configuration list for PBXNativeTarget "MetroTime" */;
			buildPhases = (
				11C6B18E1608E2F800667970 /* Sources */,
				11C6B18F1608E2F800667970 /* Frameworks */,
				11C6B1901608E2F800667970 /* Resources */,
			);
			buildRules = (
			);
			dependencies = (
			);
			name = MetroTime;
			productName = MetroTime;
			productReference = 11C6B1921608E2F800667970 /* MetroTime.app */;
			productType = "com.apple.product-type.application";
		};
/* End PBXNativeTarget section */

/* Begin PBXProject section */
		11C6B1891608E2F800667970 /* Project object */ = {
			isa = PBXProject;
			attributes = {
				LastUpgradeCheck = 0440;
				ORGANIZATIONNAME = "Maxime Dupuy";
			};
			buildConfigurationList = 11C6B18C1608E2F800667970 /* Build configuration list for PBXProject "MetroTime" */;
			compatibilityVersion = "Xcode 3.2";
			developmentRegion = English;
			hasScannedForEncodings = 0;
			knownRegions = (
				en,
			);
			mainGroup = 11C6B1871608E2F800667970;
			productRefGroup = 11C6B1931608E2F800667970 /* Products */;
			projectDirPath = "";
			projectRoot = "";
			targets = (
				11C6B1911608E2F800667970 /* MetroTime */,
			);
		};
/* End PBXProject section */

/* Begin PBXResourcesBuildPhase section */
		11C6B1901608E2F800667970 /* Resources */ = {
			isa = PBXResourcesBuildPhase;
			buildActionMask = 2147483647;
			files = (
				11C6B1A11608E2F800667970 /* InfoPlist.strings in Resources */,
				11C6B1AA1608E2F800667970 /* MainStoryboard.storyboard in Resources */,
				1111F07416105F76005EFBB2 /* 19-gear.png in Resources */,
				1111F07516105F76005EFBB2 /* 11-clock.png in Resources */,
				1111F07616105F76005EFBB2 /* 103-map.png in Resources */,
				1111F08716107619005EFBB2 /* PlanMetro.png in Resources */,
				11A4BFBD16107E99003339B1 /* PlanBus.gif in Resources */,
			);
			runOnlyForDeploymentPostprocessing = 0;
		};
/* End PBXResourcesBuildPhase section */

/* Begin PBXSourcesBuildPhase section */
		11C6B18E1608E2F800667970 /* Sources */ = {
			isa = PBXSourcesBuildPhase;
			buildActionMask = 2147483647;
			files = (
				11C6B1A31608E2F800667970 /* main.m in Sources */,
				11C6B1A71608E2F800667970 /* AppDelegate.m in Sources */,
				11C6B1C21608E3F700667970 /* HorairesTableViewController.m in Sources */,
				11C6B1C51608E43C00667970 /* Horaire.m in Sources */,
				11C6B1C91609042700667970 /* RatpTimeStealer.m in Sources */,
				11C6B1CF1609AF2200667970 /* SettingsViewController.m in Sources */,
				11C6B1D21609B89400667970 /* SettingsTableViewController.m in Sources */,
				1111F07A161062F9005EFBB2 /* PlanMetroViewController.m in Sources */,
				1111F07D16106314005EFBB2 /* PlanBusViewController.m in Sources */,
			);
			runOnlyForDeploymentPostprocessing = 0;
		};
/* End PBXSourcesBuildPhase section */

/* Begin PBXVariantGroup section */
		11C6B19F1608E2F800667970 /* InfoPlist.strings */ = {
			isa = PBXVariantGroup;
			children = (
				11C6B1A01608E2F800667970 /* en */,
			);
			name = InfoPlist.strings;
			sourceTree = "<group>";
		};
		11C6B1A81608E2F800667970 /* MainStoryboard.storyboard */ = {
			isa = PBXVariantGroup;
			children = (
				11C6B1A91608E2F800667970 /* en */,
			);
			name = MainStoryboard.storyboard;
			sourceTree = "<group>";
		};
/* End PBXVariantGroup section */

/* Begin XCBuildConfiguration section */
		11C6B1B91608E2F800667970 /* Debug */ = {
			isa = XCBuildConfiguration;
			buildSettings = {
				ALWAYS_SEARCH_USER_PATHS = NO;
				ARCHS = "$(ARCHS_STANDARD_32_BIT)";
				CLANG_CXX_LANGUAGE_STANDARD = "gnu++0x";
				CLANG_ENABLE_OBJC_ARC = YES;
				CLANG_WARN__DUPLICATE_METHOD_MATCH = YES;
				"CODE_SIGN_IDENTITY[sdk=iphoneos*]" = "iPhone Developer";
				COPY_PHASE_STRIP = NO;
				GCC_C_LANGUAGE_STANDARD = gnu99;
				GCC_DYNAMIC_NO_PIC = NO;
				GCC_OPTIMIZATION_LEVEL = 0;
				GCC_PREPROCESSOR_DEFINITIONS = (
					"DEBUG=1",
					"$(inherited)",
				);
				GCC_SYMBOLS_PRIVATE_EXTERN = NO;
				GCC_VERSION = com.apple.compilers.llvm.clang.1_0;
				GCC_WARN_ABOUT_RETURN_TYPE = YES;
				GCC_WARN_UNINITIALIZED_AUTOS = YES;
				GCC_WARN_UNUSED_VARIABLE = YES;
				IPHONEOS_DEPLOYMENT_TARGET = 5.1;
				SDKROOT = iphoneos;
			};
			name = Debug;
		};
		11C6B1BA1608E2F800667970 /* Release */ = {
			isa = XCBuildConfiguration;
			buildSettings = {
				ALWAYS_SEARCH_USER_PATHS = NO;
				ARCHS = "$(ARCHS_STANDARD_32_BIT)";
				CLANG_CXX_LANGUAGE_STANDARD = "gnu++0x";
				CLANG_ENABLE_OBJC_ARC = YES;
				CLANG_WARN__DUPLICATE_METHOD_MATCH = YES;
				"CODE_SIGN_IDENTITY[sdk=iphoneos*]" = "iPhone Developer";
				COPY_PHASE_STRIP = YES;
				GCC_C_LANGUAGE_STANDARD = gnu99;
				GCC_VERSION = com.apple.compilers.llvm.clang.1_0;
				GCC_WARN_ABOUT_RETURN_TYPE = YES;
				GCC_WARN_UNINITIALIZED_AUTOS = YES;
				GCC_WARN_UNUSED_VARIABLE = YES;
				IPHONEOS_DEPLOYMENT_TARGET = 5.1;
				OTHER_CFLAGS = "-DNS_BLOCK_ASSERTIONS=1";
				SDKROOT = iphoneos;
				VALIDATE_PRODUCT = YES;
			};
			name = Release;
		};
		11C6B1BC1608E2F800667970 /* Debug */ = {
			isa = XCBuildConfiguration;
			buildSettings = {
				GCC_PRECOMPILE_PREFIX_HEADER = YES;
				GCC_PREFIX_HEADER = "MetroTime/MetroTime-Prefix.pch";
				INFOPLIST_FILE = "MetroTime/MetroTime-Info.plist";
				IPHONEOS_DEPLOYMENT_TARGET = 5.1;
				PRODUCT_NAME = "$(TARGET_NAME)";
				WRAPPER_EXTENSION = app;
			};
			name = Debug;
		};
		11C6B1BD1608E2F800667970 /* Release */ = {
			isa = XCBuildConfiguration;
			buildSettings = {
				GCC_PRECOMPILE_PREFIX_HEADER = YES;
				GCC_PREFIX_HEADER = "MetroTime/MetroTime-Prefix.pch";
				INFOPLIST_FILE = "MetroTime/MetroTime-Info.plist";
				IPHONEOS_DEPLOYMENT_TARGET = 5.1;
				PRODUCT_NAME = "$(TARGET_NAME)";
				WRAPPER_EXTENSION = app;
			};
			name = Release;
		};
/* End XCBuildConfiguration section */

/* Begin XCConfigurationList section */
		11C6B18C1608E2F800667970 /* Build configuration list for PBXProject "MetroTime" */ = {
			isa = XCConfigurationList;
			buildConfigurations = (
				11C6B1B91608E2F800667970 /* Debug */,
				11C6B1BA1608E2F800667970 /* Release */,
			);
			defaultConfigurationIsVisible = 0;
			defaultConfigurationName = Release;
		};
		11C6B1BB1608E2F800667970 /* Build configuration list for PBXNativeTarget "MetroTime" */ = {
			isa = XCConfigurationList;
			buildConfigurations = (
				11C6B1BC1608E2F800667970 /* Debug */,
				11C6B1BD1608E2F800667970 /* Release */,
			);
			defaultConfigurationIsVisible = 0;
			defaultConfigurationName = Release;
		};
/* End XCConfigurationList section */
	};
	rootObject = 11C6B1891608E2F800667970 /* Project object */;
}
